
Microsoft Visual Studio Solution File, Format Version 12.00
# Visual Studio Version 16
VisualStudioVersion = 16.0.808.5
MinimumVisualStudioVersion = 10.0.40219.1
Project("{FAE04EC0-301F-11D3-BF4B-00C04F79EFBC}") = "MovieCollection", "MovieCollection\MovieCollection.csproj", "{F9CFB2F7-04D8-4F52-82F6-8D2D3F2F22E4}"
EndProject
Global
	GlobalSection(SolutionConfigurationPlatforms) = preSolution
		Debug|Any CPU = Debug|Any CPU
		Release|Any CPU = Release|Any CPU
	EndGlobalSection
	GlobalSection(ProjectConfigurationPlatforms) = postSolution
		{F9CFB2F7-04D8-4F52-82F6-8D2D3F2F22E4}.Debug|Any CPU.ActiveCfg = Debug|Any CPU
		{F9CFB2F7-04D8-4F52-82F6-8D2D3F2F22E4}.Debug|Any CPU.Build.0 = Debug|Any CPU
		{F9CFB2F7-04D8-4F52-82F6-8D2D3F2F22E4}.Release|Any CPU.ActiveCfg = Release|Any CPU
		{F9CFB2F7-04D8-4F52-82F6-8D2D3F2F22E4}.Release|Any CPU.Build.0 = Release|Any CPU
	EndGlobalSection
	GlobalSection(SolutionProperties) = preSolution
		HideSolutionNode = FALSE
	EndGlobalSection
	GlobalSection(ExtensibilityGlobals) = postSolution
		SolutionGuid = {EC444959-B626-48FD-BB47-8BF8D189DDF8}
	EndGlobalSection
EndGlobal
